// !$*UTF8*$!
{
	archiveVersion = 1;
	classes = {
	};
	objectVersion = 55;
	objects = {

/* Begin PBXBuildFile section */
		105EB94A27E71155009ADB25 /* AccountDtlView.swift in Sources */ = {isa = PBXBuildFile; fileRef = 105EB94927E71154009ADB25 /* AccountDtlView.swift */; };
		105EB94C27E711B4009ADB25 /* EditAccountView.swift in Sources */ = {isa = PBXBuildFile; fileRef = 105EB94B27E711B4009ADB25 /* EditAccountView.swift */; };
		105EB94E27E71243009ADB25 /* LoginView.swift in Sources */ = {isa = PBXBuildFile; fileRef = 105EB94D27E71243009ADB25 /* LoginView.swift */; };
		105EB95027E7128B009ADB25 /* RegisterView.swift in Sources */ = {isa = PBXBuildFile; fileRef = 105EB94F27E7128B009ADB25 /* RegisterView.swift */; };
		AD2CF34827E5220500870775 /* Product.swift in Sources */ = {isa = PBXBuildFile; fileRef = AD2CF34727E5220500870775 /* Product.swift */; };
		AD2CF34A27E573A000870775 /* PreSearchView.swift in Sources */ = {isa = PBXBuildFile; fileRef = AD2CF34927E5739F00870775 /* PreSearchView.swift */; };
		AD2CF34C27E57A9000870775 /* PostSearchView.swift in Sources */ = {isa = PBXBuildFile; fileRef = AD2CF34B27E57A9000870775 /* PostSearchView.swift */; };
		AD2CF34E27E598D600870775 /* ItemDetailsView.swift in Sources */ = {isa = PBXBuildFile; fileRef = AD2CF34D27E598D600870775 /* ItemDetailsView.swift */; };
		AD2E231B27E4F90700538B6E /* RentToGoApp.swift in Sources */ = {isa = PBXBuildFile; fileRef = AD2E231A27E4F90700538B6E /* RentToGoApp.swift */; };
		AD2E231D27E4F90700538B6E /* ContentView.swift in Sources */ = {isa = PBXBuildFile; fileRef = AD2E231C27E4F90700538B6E /* ContentView.swift */; };
		AD2E231F27E4F90A00538B6E /* Assets.xcassets in Resources */ = {isa = PBXBuildFile; fileRef = AD2E231E27E4F90A00538B6E /* Assets.xcassets */; };
		AD2E232227E4F90A00538B6E /* Preview Assets.xcassets in Resources */ = {isa = PBXBuildFile; fileRef = AD2E232127E4F90A00538B6E /* Preview Assets.xcassets */; };
		AD2E233127E4FDB400538B6E /* HomeView.swift in Sources */ = {isa = PBXBuildFile; fileRef = AD2E233027E4FDB300538B6E /* HomeView.swift */; };
		AD2E233327E4FE8E00538B6E /* CartView.swift in Sources */ = {isa = PBXBuildFile; fileRef = AD2E233227E4FE8E00538B6E /* CartView.swift */; };
		AD2E233527E4FEE600538B6E /* MyItemsView.swift in Sources */ = {isa = PBXBuildFile; fileRef = AD2E233427E4FEE600538B6E /* MyItemsView.swift */; };
		AD2E233727E4FF1300538B6E /* AccountView.swift in Sources */ = {isa = PBXBuildFile; fileRef = AD2E233627E4FF1300538B6E /* AccountView.swift */; };
		AECE724E5D38E0DBF373E419 /* Pods_RentToGo.framework in Frameworks */ = {isa = PBXBuildFile; fileRef = CAB9FCE09402A98CCA94F220 /* Pods_RentToGo.framework */; };
		C50713AB27EAB916007573FA /* MyItemsHistoryView.swift in Sources */ = {isa = PBXBuildFile; fileRef = C50713AA27EAB916007573FA /* MyItemsHistoryView.swift */; };
		C50713AD27EAB92B007573FA /* MyItemsAddView.swift in Sources */ = {isa = PBXBuildFile; fileRef = C50713AC27EAB92B007573FA /* MyItemsAddView.swift */; };
		C50713AF27EAB9D6007573FA /* MyItems.swift in Sources */ = {isa = PBXBuildFile; fileRef = C50713AE27EAB9D6007573FA /* MyItems.swift */; };
		C538CAB62812584C00605CE0 /* ProductViewModel.swift in Sources */ = {isa = PBXBuildFile; fileRef = C538CAB52812584C00605CE0 /* ProductViewModel.swift */; };
		ECD1D2E7281250510045FD74 /* GoogleService-Info.plist in Resources */ = {isa = PBXBuildFile; fileRef = ECD1D2E6281250510045FD74 /* GoogleService-Info.plist */; };
		ECD1D2ED281251390045FD74 /* ProductDao.swift in Sources */ = {isa = PBXBuildFile; fileRef = ECD1D2EC281251390045FD74 /* ProductDao.swift */; };
		ECD1D2F0281255BA0045FD74 /* Cart.swift in Sources */ = {isa = PBXBuildFile; fileRef = ECD1D2EF281255BA0045FD74 /* Cart.swift */; };
		ECD1D2F2281256490045FD74 /* CheckoutIntentResponse.swift in Sources */ = {isa = PBXBuildFile; fileRef = ECD1D2F1281256490045FD74 /* CheckoutIntentResponse.swift */; };
		ECD1D2F4281257BF0045FD74 /* PaymentConfig.swift in Sources */ = {isa = PBXBuildFile; fileRef = ECD1D2F3281257BF0045FD74 /* PaymentConfig.swift */; };
		ECD1D2F628125BDD0045FD74 /* PaymentGatewayController.swift in Sources */ = {isa = PBXBuildFile; fileRef = ECD1D2F528125BDD0045FD74 /* PaymentGatewayController.swift */; };
		ECE3363A27E7E64000C9B0AD /* CartItemView.swift in Sources */ = {isa = PBXBuildFile; fileRef = ECE3363927E7E64000C9B0AD /* CartItemView.swift */; };
		ECE3363C27E7E69600C9B0AD /* CartHistoryView.swift in Sources */ = {isa = PBXBuildFile; fileRef = ECE3363B27E7E69600C9B0AD /* CartHistoryView.swift */; };
		ECE3363E27E7F03B00C9B0AD /* RentalSummaryView.swift in Sources */ = {isa = PBXBuildFile; fileRef = ECE3363D27E7F03B00C9B0AD /* RentalSummaryView.swift */; };
		ECE3364027E8293A00C9B0AD /* RentalConfirmationView.swift in Sources */ = {isa = PBXBuildFile; fileRef = ECE3363F27E8293A00C9B0AD /* RentalConfirmationView.swift */; };
/* End PBXBuildFile section */

/* Begin PBXFileReference section */
		002C34EEE235F936B88BAFB9 /* Pods-RentToGo.debug.xcconfig */ = {isa = PBXFileReference; includeInIndex = 1; lastKnownFileType = text.xcconfig; name = "Pods-RentToGo.debug.xcconfig"; path = "Target Support Files/Pods-RentToGo/Pods-RentToGo.debug.xcconfig"; sourceTree = "<group>"; };
		105EB94927E71154009ADB25 /* AccountDtlView.swift */ = {isa = PBXFileReference; lastKnownFileType = sourcecode.swift; path = AccountDtlView.swift; sourceTree = "<group>"; };
		105EB94B27E711B4009ADB25 /* EditAccountView.swift */ = {isa = PBXFileReference; lastKnownFileType = sourcecode.swift; path = EditAccountView.swift; sourceTree = "<group>"; };
		105EB94D27E71243009ADB25 /* LoginView.swift */ = {isa = PBXFileReference; lastKnownFileType = sourcecode.swift; path = LoginView.swift; sourceTree = "<group>"; };
		105EB94F27E7128B009ADB25 /* RegisterView.swift */ = {isa = PBXFileReference; lastKnownFileType = sourcecode.swift; path = RegisterView.swift; sourceTree = "<group>"; };
		AD2CF34727E5220500870775 /* Product.swift */ = {isa = PBXFileReference; lastKnownFileType = sourcecode.swift; path = Product.swift; sourceTree = "<group>"; };
		AD2CF34927E5739F00870775 /* PreSearchView.swift */ = {isa = PBXFileReference; lastKnownFileType = sourcecode.swift; path = PreSearchView.swift; sourceTree = "<group>"; };
		AD2CF34B27E57A9000870775 /* PostSearchView.swift */ = {isa = PBXFileReference; lastKnownFileType = sourcecode.swift; path = PostSearchView.swift; sourceTree = "<group>"; };
		AD2CF34D27E598D600870775 /* ItemDetailsView.swift */ = {isa = PBXFileReference; lastKnownFileType = sourcecode.swift; path = ItemDetailsView.swift; sourceTree = "<group>"; };
		AD2E231727E4F90700538B6E /* RentToGo.app */ = {isa = PBXFileReference; explicitFileType = wrapper.application; includeInIndex = 0; path = RentToGo.app; sourceTree = BUILT_PRODUCTS_DIR; };
		AD2E231A27E4F90700538B6E /* RentToGoApp.swift */ = {isa = PBXFileReference; lastKnownFileType = sourcecode.swift; path = RentToGoApp.swift; sourceTree = "<group>"; };
		AD2E231C27E4F90700538B6E /* ContentView.swift */ = {isa = PBXFileReference; lastKnownFileType = sourcecode.swift; path = ContentView.swift; sourceTree = "<group>"; };
		AD2E231E27E4F90A00538B6E /* Assets.xcassets */ = {isa = PBXFileReference; lastKnownFileType = folder.assetcatalog; path = Assets.xcassets; sourceTree = "<group>"; };
		AD2E232127E4F90A00538B6E /* Preview Assets.xcassets */ = {isa = PBXFileReference; lastKnownFileType = folder.assetcatalog; path = "Preview Assets.xcassets"; sourceTree = "<group>"; };
		AD2E233027E4FDB300538B6E /* HomeView.swift */ = {isa = PBXFileReference; lastKnownFileType = sourcecode.swift; path = HomeView.swift; sourceTree = "<group>"; };
		AD2E233227E4FE8E00538B6E /* CartView.swift */ = {isa = PBXFileReference; lastKnownFileType = sourcecode.swift; path = CartView.swift; sourceTree = "<group>"; };
		AD2E233427E4FEE600538B6E /* MyItemsView.swift */ = {isa = PBXFileReference; lastKnownFileType = sourcecode.swift; path = MyItemsView.swift; sourceTree = "<group>"; };
		AD2E233627E4FF1300538B6E /* AccountView.swift */ = {isa = PBXFileReference; lastKnownFileType = sourcecode.swift; path = AccountView.swift; sourceTree = "<group>"; };
		C50713AA27EAB916007573FA /* MyItemsHistoryView.swift */ = {isa = PBXFileReference; lastKnownFileType = sourcecode.swift; path = MyItemsHistoryView.swift; sourceTree = "<group>"; };
		C50713AC27EAB92B007573FA /* MyItemsAddView.swift */ = {isa = PBXFileReference; lastKnownFileType = sourcecode.swift; path = MyItemsAddView.swift; sourceTree = "<group>"; };
		C50713AE27EAB9D6007573FA /* MyItems.swift */ = {isa = PBXFileReference; lastKnownFileType = sourcecode.swift; path = MyItems.swift; sourceTree = "<group>"; };
		C538CAB52812584C00605CE0 /* ProductViewModel.swift */ = {isa = PBXFileReference; lastKnownFileType = sourcecode.swift; path = ProductViewModel.swift; sourceTree = "<group>"; };
		C7856E9C4BB92A1AE134F497 /* Pods-RentToGo.release.xcconfig */ = {isa = PBXFileReference; includeInIndex = 1; lastKnownFileType = text.xcconfig; name = "Pods-RentToGo.release.xcconfig"; path = "Target Support Files/Pods-RentToGo/Pods-RentToGo.release.xcconfig"; sourceTree = "<group>"; };
		CAB9FCE09402A98CCA94F220 /* Pods_RentToGo.framework */ = {isa = PBXFileReference; explicitFileType = wrapper.framework; includeInIndex = 0; path = Pods_RentToGo.framework; sourceTree = BUILT_PRODUCTS_DIR; };
		ECD1D2E6281250510045FD74 /* GoogleService-Info.plist */ = {isa = PBXFileReference; lastKnownFileType = text.plist; name = "GoogleService-Info.plist"; path = "RentToGo/GoogleService-Info.plist"; sourceTree = SOURCE_ROOT; };
		ECD1D2EC281251390045FD74 /* ProductDao.swift */ = {isa = PBXFileReference; lastKnownFileType = sourcecode.swift; path = ProductDao.swift; sourceTree = "<group>"; };
		ECD1D2EF281255BA0045FD74 /* Cart.swift */ = {isa = PBXFileReference; lastKnownFileType = sourcecode.swift; path = Cart.swift; sourceTree = "<group>"; };
		ECD1D2F1281256490045FD74 /* CheckoutIntentResponse.swift */ = {isa = PBXFileReference; lastKnownFileType = sourcecode.swift; path = CheckoutIntentResponse.swift; sourceTree = "<group>"; };
		ECD1D2F3281257BF0045FD74 /* PaymentConfig.swift */ = {isa = PBXFileReference; lastKnownFileType = sourcecode.swift; path = PaymentConfig.swift; sourceTree = "<group>"; };
		ECD1D2F528125BDD0045FD74 /* PaymentGatewayController.swift */ = {isa = PBXFileReference; lastKnownFileType = sourcecode.swift; path = PaymentGatewayController.swift; sourceTree = "<group>"; };
		ECE3363927E7E64000C9B0AD /* CartItemView.swift */ = {isa = PBXFileReference; lastKnownFileType = sourcecode.swift; path = CartItemView.swift; sourceTree = "<group>"; };
		ECE3363B27E7E69600C9B0AD /* CartHistoryView.swift */ = {isa = PBXFileReference; lastKnownFileType = sourcecode.swift; path = CartHistoryView.swift; sourceTree = "<group>"; };
		ECE3363D27E7F03B00C9B0AD /* RentalSummaryView.swift */ = {isa = PBXFileReference; lastKnownFileType = sourcecode.swift; path = RentalSummaryView.swift; sourceTree = "<group>"; };
		ECE3363F27E8293A00C9B0AD /* RentalConfirmationView.swift */ = {isa = PBXFileReference; lastKnownFileType = sourcecode.swift; path = RentalConfirmationView.swift; sourceTree = "<group>"; };
/* End PBXFileReference section */

/* Begin PBXFrameworksBuildPhase section */
		AD2E231427E4F90700538B6E /* Frameworks */ = {
			isa = PBXFrameworksBuildPhase;
			buildActionMask = 2147483647;
			files = (
				AECE724E5D38E0DBF373E419 /* Pods_RentToGo.framework in Frameworks */,
			);
			runOnlyForDeploymentPostprocessing = 0;
		};
/* End PBXFrameworksBuildPhase section */

/* Begin PBXGroup section */
		105EB94827E71127009ADB25 /* AccountView */ = {
			isa = PBXGroup;
			children = (
				AD2E233627E4FF1300538B6E /* AccountView.swift */,
				105EB94927E71154009ADB25 /* AccountDtlView.swift */,
				105EB94B27E711B4009ADB25 /* EditAccountView.swift */,
				105EB94D27E71243009ADB25 /* LoginView.swift */,
				105EB94F27E7128B009ADB25 /* RegisterView.swift */,
			);
			path = AccountView;
			sourceTree = "<group>";
		};
		2D656EA48691042075C7820D /* Pods */ = {
			isa = PBXGroup;
			children = (
				002C34EEE235F936B88BAFB9 /* Pods-RentToGo.debug.xcconfig */,
				C7856E9C4BB92A1AE134F497 /* Pods-RentToGo.release.xcconfig */,
			);
			path = Pods;
			sourceTree = "<group>";
		};
		AD2D238627EBFAAA004A780D /* HomeView */ = {
			isa = PBXGroup;
			children = (
				AD2CF34927E5739F00870775 /* PreSearchView.swift */,
				AD2CF34B27E57A9000870775 /* PostSearchView.swift */,
				AD2CF34D27E598D600870775 /* ItemDetailsView.swift */,
				AD2E233027E4FDB300538B6E /* HomeView.swift */,
			);
			path = HomeView;
			sourceTree = "<group>";
		};
		AD2E230E27E4F90700538B6E = {
			isa = PBXGroup;
			children = (
				AD2E231927E4F90700538B6E /* RentToGo */,
				AD2E231827E4F90700538B6E /* Products */,
				2D656EA48691042075C7820D /* Pods */,
				F7D54221CF68D0F739F32048 /* Frameworks */,
			);
			sourceTree = "<group>";
		};
		AD2E231827E4F90700538B6E /* Products */ = {
			isa = PBXGroup;
			children = (
				AD2E231727E4F90700538B6E /* RentToGo.app */,
			);
			name = Products;
			sourceTree = "<group>";
		};
		AD2E231927E4F90700538B6E /* RentToGo */ = {
			isa = PBXGroup;
			children = (
				ECD1D2E6281250510045FD74 /* GoogleService-Info.plist */,
				AD2E232B27E4F93D00538B6E /* views */,
				AD2E232A27E4F93000538B6E /* controllers */,
				C538CAB42812581300605CE0 /* viewModels */,
				AD2E232827E4F91F00538B6E /* models */,
				AD2E231A27E4F90700538B6E /* RentToGoApp.swift */,
				AD2E231E27E4F90A00538B6E /* Assets.xcassets */,
				AD2E232027E4F90A00538B6E /* Preview Content */,
				ECD1D2EE2812513D0045FD74 /* dao */,
			);
			path = RentToGo;
			sourceTree = "<group>";
		};
		AD2E232027E4F90A00538B6E /* Preview Content */ = {
			isa = PBXGroup;
			children = (
				AD2E232127E4F90A00538B6E /* Preview Assets.xcassets */,
			);
			path = "Preview Content";
			sourceTree = "<group>";
		};
		AD2E232827E4F91F00538B6E /* models */ = {
			isa = PBXGroup;
			children = (
				AD2CF34727E5220500870775 /* Product.swift */,
				ECD1D2EF281255BA0045FD74 /* Cart.swift */,
				ECD1D2F1281256490045FD74 /* CheckoutIntentResponse.swift */,
				ECD1D2F3281257BF0045FD74 /* PaymentConfig.swift */,
			);
			path = models;
			sourceTree = "<group>";
		};
		AD2E232A27E4F93000538B6E /* controllers */ = {
			isa = PBXGroup;
			children = (
			);
			path = controllers;
			sourceTree = "<group>";
		};
		AD2E232B27E4F93D00538B6E /* views */ = {
			isa = PBXGroup;
			children = (
				AD2D238627EBFAAA004A780D /* HomeView */,
				105EB94827E71127009ADB25 /* AccountView */,
				AD2E231C27E4F90700538B6E /* ContentView.swift */,
				ECE3363827E7E61F00C9B0AD /* CartView */,
				C50713A927EAB12E007573FA /* MyItemsView */,
			);
			path = views;
			sourceTree = "<group>";
		};
		C50713A927EAB12E007573FA /* MyItemsView */ = {
			isa = PBXGroup;
			children = (
				AD2E233427E4FEE600538B6E /* MyItemsView.swift */,
				C50713AA27EAB916007573FA /* MyItemsHistoryView.swift */,
				C50713AC27EAB92B007573FA /* MyItemsAddView.swift */,
				C50713AE27EAB9D6007573FA /* MyItems.swift */,
			);
			path = MyItemsView;
			sourceTree = "<group>";
		};
		C538CAB42812581300605CE0 /* viewModels */ = {
			isa = PBXGroup;
			children = (
				C538CAB52812584C00605CE0 /* ProductViewModel.swift */,
			);
			path = viewModels;
			sourceTree = "<group>";
		};
		ECD1D2EE2812513D0045FD74 /* dao */ = {
			isa = PBXGroup;
			children = (
				ECD1D2EC281251390045FD74 /* ProductDao.swift */,
			);
			path = dao;
			sourceTree = "<group>";
		};
		ECE3363827E7E61F00C9B0AD /* CartView */ = {
			isa = PBXGroup;
			children = (
				AD2E233227E4FE8E00538B6E /* CartView.swift */,
				ECE3363927E7E64000C9B0AD /* CartItemView.swift */,
				ECE3363B27E7E69600C9B0AD /* CartHistoryView.swift */,
				ECE3363D27E7F03B00C9B0AD /* RentalSummaryView.swift */,
				ECE3363F27E8293A00C9B0AD /* RentalConfirmationView.swift */,
				ECD1D2F528125BDD0045FD74 /* PaymentGatewayController.swift */,
			);
			path = CartView;
			sourceTree = "<group>";
		};
		F7D54221CF68D0F739F32048 /* Frameworks */ = {
			isa = PBXGroup;
			children = (
				CAB9FCE09402A98CCA94F220 /* Pods_RentToGo.framework */,
			);
			name = Frameworks;
			sourceTree = "<group>";
		};
/* End PBXGroup section */

/* Begin PBXNativeTarget section */
		AD2E231627E4F90700538B6E /* RentToGo */ = {
			isa = PBXNativeTarget;
			buildConfigurationList = AD2E232527E4F90A00538B6E /* Build configuration list for PBXNativeTarget "RentToGo" */;
			buildPhases = (
				845144C60677CF3E21B47BC0 /* [CP] Check Pods Manifest.lock */,
				AD2E231327E4F90700538B6E /* Sources */,
				AD2E231427E4F90700538B6E /* Frameworks */,
				AD2E231527E4F90700538B6E /* Resources */,
				0A865CD0B31BCFAB9113D329 /* [CP] Embed Pods Frameworks */,
			);
			buildRules = (
			);
			dependencies = (
			);
			name = RentToGo;
			productName = RentToGo;
			productReference = AD2E231727E4F90700538B6E /* RentToGo.app */;
			productType = "com.apple.product-type.application";
		};
/* End PBXNativeTarget section */

/* Begin PBXProject section */
		AD2E230F27E4F90700538B6E /* Project object */ = {
			isa = PBXProject;
			attributes = {
				BuildIndependentTargetsInParallel = 1;
				LastSwiftUpdateCheck = 1300;
				LastUpgradeCheck = 1300;
				TargetAttributes = {
					AD2E231627E4F90700538B6E = {
						CreatedOnToolsVersion = 13.0;
					};
				};
			};
			buildConfigurationList = AD2E231227E4F90700538B6E /* Build configuration list for PBXProject "RentToGo" */;
			compatibilityVersion = "Xcode 13.0";
			developmentRegion = en;
			hasScannedForEncodings = 0;
			knownRegions = (
				en,
				Base,
			);
			mainGroup = AD2E230E27E4F90700538B6E;
			productRefGroup = AD2E231827E4F90700538B6E /* Products */;
			projectDirPath = "";
			projectRoot = "";
			targets = (
				AD2E231627E4F90700538B6E /* RentToGo */,
			);
		};
/* End PBXProject section */

/* Begin PBXResourcesBuildPhase section */
		AD2E231527E4F90700538B6E /* Resources */ = {
			isa = PBXResourcesBuildPhase;
			buildActionMask = 2147483647;
			files = (
				ECD1D2E7281250510045FD74 /* GoogleService-Info.plist in Resources */,
				AD2E232227E4F90A00538B6E /* Preview Assets.xcassets in Resources */,
				AD2E231F27E4F90A00538B6E /* Assets.xcassets in Resources */,
			);
			runOnlyForDeploymentPostprocessing = 0;
		};
/* End PBXResourcesBuildPhase section */

/* Begin PBXShellScriptBuildPhase section */
		0A865CD0B31BCFAB9113D329 /* [CP] Embed Pods Frameworks */ = {
			isa = PBXShellScriptBuildPhase;
			buildActionMask = 2147483647;
			files = (
			);
			inputFileListPaths = (
				"${PODS_ROOT}/Target Support Files/Pods-RentToGo/Pods-RentToGo-frameworks-${CONFIGURATION}-input-files.xcfilelist",
			);
			name = "[CP] Embed Pods Frameworks";
			outputFileListPaths = (
				"${PODS_ROOT}/Target Support Files/Pods-RentToGo/Pods-RentToGo-frameworks-${CONFIGURATION}-output-files.xcfilelist",
			);
			runOnlyForDeploymentPostprocessing = 0;
			shellPath = /bin/sh;
			shellScript = "\"${PODS_ROOT}/Target Support Files/Pods-RentToGo/Pods-RentToGo-frameworks.sh\"\n";
			showEnvVarsInLog = 0;
		};
		845144C60677CF3E21B47BC0 /* [CP] Check Pods Manifest.lock */ = {
			isa = PBXShellScriptBuildPhase;
			buildActionMask = 2147483647;
			files = (
			);
			inputFileListPaths = (
			);
			inputPaths = (
				"${PODS_PODFILE_DIR_PATH}/Podfile.lock",
				"${PODS_ROOT}/Manifest.lock",
			);
			name = "[CP] Check Pods Manifest.lock";
			outputFileListPaths = (
			);
			outputPaths = (
				"$(DERIVED_FILE_DIR)/Pods-RentToGo-checkManifestLockResult.txt",
			);
			runOnlyForDeploymentPostprocessing = 0;
			shellPath = /bin/sh;
			shellScript = "diff \"${PODS_PODFILE_DIR_PATH}/Podfile.lock\" \"${PODS_ROOT}/Manifest.lock\" > /dev/null\nif [ $? != 0 ] ; then\n    # print error to STDERR\n    echo \"error: The sandbox is not in sync with the Podfile.lock. Run 'pod install' or update your CocoaPods installation.\" >&2\n    exit 1\nfi\n# This output is used by Xcode 'outputs' to avoid re-running this script phase.\necho \"SUCCESS\" > \"${SCRIPT_OUTPUT_FILE_0}\"\n";
			showEnvVarsInLog = 0;
		};
/* End PBXShellScriptBuildPhase section */

/* Begin PBXSourcesBuildPhase section */
		AD2E231327E4F90700538B6E /* Sources */ = {
			isa = PBXSourcesBuildPhase;
			buildActionMask = 2147483647;
			files = (
				C538CAB62812584C00605CE0 /* ProductViewModel.swift in Sources */,
				AD2E233727E4FF1300538B6E /* AccountView.swift in Sources */,
				C50713AB27EAB916007573FA /* MyItemsHistoryView.swift in Sources */,
				AD2E233127E4FDB400538B6E /* HomeView.swift in Sources */,
				AD2E231D27E4F90700538B6E /* ContentView.swift in Sources */,
				ECE3363A27E7E64000C9B0AD /* CartItemView.swift in Sources */,
				105EB95027E7128B009ADB25 /* RegisterView.swift in Sources */,
				ECE3364027E8293A00C9B0AD /* RentalConfirmationView.swift in Sources */,
				AD2E233527E4FEE600538B6E /* MyItemsView.swift in Sources */,
				AD2CF34A27E573A000870775 /* PreSearchView.swift in Sources */,
				ECE3363C27E7E69600C9B0AD /* CartHistoryView.swift in Sources */,
				ECD1D2ED281251390045FD74 /* ProductDao.swift in Sources */,
				AD2CF34C27E57A9000870775 /* PostSearchView.swift in Sources */,
				ECD1D2F0281255BA0045FD74 /* Cart.swift in Sources */,
				ECD1D2F628125BDD0045FD74 /* PaymentGatewayController.swift in Sources */,
				105EB94C27E711B4009ADB25 /* EditAccountView.swift in Sources */,
				105EB94A27E71155009ADB25 /* AccountDtlView.swift in Sources */,
				C50713AF27EAB9D6007573FA /* MyItems.swift in Sources */,
				AD2E233327E4FE8E00538B6E /* CartView.swift in Sources */,
				ECE3363E27E7F03B00C9B0AD /* RentalSummaryView.swift in Sources */,
				AD2E231B27E4F90700538B6E /* RentToGoApp.swift in Sources */,
				105EB94E27E71243009ADB25 /* LoginView.swift in Sources */,
				AD2CF34E27E598D600870775 /* ItemDetailsView.swift in Sources */,
				ECD1D2F4281257BF0045FD74 /* PaymentConfig.swift in Sources */,
				AD2CF34827E5220500870775 /* Product.swift in Sources */,
				ECD1D2F2281256490045FD74 /* CheckoutIntentResponse.swift in Sources */,
				C50713AD27EAB92B007573FA /* MyItemsAddView.swift in Sources */,
			);
			runOnlyForDeploymentPostprocessing = 0;
		};
/* End PBXSourcesBuildPhase section */

/* Begin XCBuildConfiguration section */
		AD2E232327E4F90A00538B6E /* Debug */ = {
			isa = XCBuildConfiguration;
			buildSettings = {
				ALWAYS_SEARCH_USER_PATHS = NO;
				CLANG_ANALYZER_NONNULL = YES;
				CLANG_ANALYZER_NUMBER_OBJECT_CONVERSION = YES_AGGRESSIVE;
				CLANG_CXX_LANGUAGE_STANDARD = "gnu++17";
				CLANG_CXX_LIBRARY = "libc++";
				CLANG_ENABLE_MODULES = YES;
				CLANG_ENABLE_OBJC_ARC = YES;
				CLANG_ENABLE_OBJC_WEAK = YES;
				CLANG_WARN_BLOCK_CAPTURE_AUTORELEASING = YES;
				CLANG_WARN_BOOL_CONVERSION = YES;
				CLANG_WARN_COMMA = YES;
				CLANG_WARN_CONSTANT_CONVERSION = YES;
				CLANG_WARN_DEPRECATED_OBJC_IMPLEMENTATIONS = YES;
				CLANG_WARN_DIRECT_OBJC_ISA_USAGE = YES_ERROR;
				CLANG_WARN_DOCUMENTATION_COMMENTS = YES;
				CLANG_WARN_EMPTY_BODY = YES;
				CLANG_WARN_ENUM_CONVERSION = YES;
				CLANG_WARN_INFINITE_RECURSION = YES;
				CLANG_WARN_INT_CONVERSION = YES;
				CLANG_WARN_NON_LITERAL_NULL_CONVERSION = YES;
				CLANG_WARN_OBJC_IMPLICIT_RETAIN_SELF = YES;
				CLANG_WARN_OBJC_LITERAL_CONVERSION = YES;
				CLANG_WARN_OBJC_ROOT_CLASS = YES_ERROR;
				CLANG_WARN_QUOTED_INCLUDE_IN_FRAMEWORK_HEADER = YES;
				CLANG_WARN_RANGE_LOOP_ANALYSIS = YES;
				CLANG_WARN_STRICT_PROTOTYPES = YES;
				CLANG_WARN_SUSPICIOUS_MOVE = YES;
				CLANG_WARN_UNGUARDED_AVAILABILITY = YES_AGGRESSIVE;
				CLANG_WARN_UNREACHABLE_CODE = YES;
				CLANG_WARN__DUPLICATE_METHOD_MATCH = YES;
				COPY_PHASE_STRIP = NO;
				DEBUG_INFORMATION_FORMAT = dwarf;
				ENABLE_STRICT_OBJC_MSGSEND = YES;
				ENABLE_TESTABILITY = YES;
				GCC_C_LANGUAGE_STANDARD = gnu11;
				GCC_DYNAMIC_NO_PIC = NO;
				GCC_NO_COMMON_BLOCKS = YES;
				GCC_OPTIMIZATION_LEVEL = 0;
				GCC_PREPROCESSOR_DEFINITIONS = (
					"DEBUG=1",
					"$(inherited)",
				);
				GCC_WARN_64_TO_32_BIT_CONVERSION = YES;
				GCC_WARN_ABOUT_RETURN_TYPE = YES_ERROR;
				GCC_WARN_UNDECLARED_SELECTOR = YES;
				GCC_WARN_UNINITIALIZED_AUTOS = YES_AGGRESSIVE;
				GCC_WARN_UNUSED_FUNCTION = YES;
				GCC_WARN_UNUSED_VARIABLE = YES;
				IPHONEOS_DEPLOYMENT_TARGET = 15.0;
				MTL_ENABLE_DEBUG_INFO = INCLUDE_SOURCE;
				MTL_FAST_MATH = YES;
				ONLY_ACTIVE_ARCH = YES;
				SDKROOT = iphoneos;
				SWIFT_ACTIVE_COMPILATION_CONDITIONS = DEBUG;
				SWIFT_OPTIMIZATION_LEVEL = "-Onone";
			};
			name = Debug;
		};
		AD2E232427E4F90A00538B6E /* Release */ = {
			isa = XCBuildConfiguration;
			buildSettings = {
				ALWAYS_SEARCH_USER_PATHS = NO;
				CLANG_ANALYZER_NONNULL = YES;
				CLANG_ANALYZER_NUMBER_OBJECT_CONVERSION = YES_AGGRESSIVE;
				CLANG_CXX_LANGUAGE_STANDARD = "gnu++17";
				CLANG_CXX_LIBRARY = "libc++";
				CLANG_ENABLE_MODULES = YES;
				CLANG_ENABLE_OBJC_ARC = YES;
				CLANG_ENABLE_OBJC_WEAK = YES;
				CLANG_WARN_BLOCK_CAPTURE_AUTORELEASING = YES;
				CLANG_WARN_BOOL_CONVERSION = YES;
				CLANG_WARN_COMMA = YES;
				CLANG_WARN_CONSTANT_CONVERSION = YES;
				CLANG_WARN_DEPRECATED_OBJC_IMPLEMENTATIONS = YES;
				CLANG_WARN_DIRECT_OBJC_ISA_USAGE = YES_ERROR;
				CLANG_WARN_DOCUMENTATION_COMMENTS = YES;
				CLANG_WARN_EMPTY_BODY = YES;
				CLANG_WARN_ENUM_CONVERSION = YES;
				CLANG_WARN_INFINITE_RECURSION = YES;
				CLANG_WARN_INT_CONVERSION = YES;
				CLANG_WARN_NON_LITERAL_NULL_CONVERSION = YES;
				CLANG_WARN_OBJC_IMPLICIT_RETAIN_SELF = YES;
				CLANG_WARN_OBJC_LITERAL_CONVERSION = YES;
				CLANG_WARN_OBJC_ROOT_CLASS = YES_ERROR;
				CLANG_WARN_QUOTED_INCLUDE_IN_FRAMEWORK_HEADER = YES;
				CLANG_WARN_RANGE_LOOP_ANALYSIS = YES;
				CLANG_WARN_STRICT_PROTOTYPES = YES;
				CLANG_WARN_SUSPICIOUS_MOVE = YES;
				CLANG_WARN_UNGUARDED_AVAILABILITY = YES_AGGRESSIVE;
				CLANG_WARN_UNREACHABLE_CODE = YES;
				CLANG_WARN__DUPLICATE_METHOD_MATCH = YES;
				COPY_PHASE_STRIP = NO;
				DEBUG_INFORMATION_FORMAT = "dwarf-with-dsym";
				ENABLE_NS_ASSERTIONS = NO;
				ENABLE_STRICT_OBJC_MSGSEND = YES;
				GCC_C_LANGUAGE_STANDARD = gnu11;
				GCC_NO_COMMON_BLOCKS = YES;
				GCC_WARN_64_TO_32_BIT_CONVERSION = YES;
				GCC_WARN_ABOUT_RETURN_TYPE = YES_ERROR;
				GCC_WARN_UNDECLARED_SELECTOR = YES;
				GCC_WARN_UNINITIALIZED_AUTOS = YES_AGGRESSIVE;
				GCC_WARN_UNUSED_FUNCTION = YES;
				GCC_WARN_UNUSED_VARIABLE = YES;
				IPHONEOS_DEPLOYMENT_TARGET = 15.0;
				MTL_ENABLE_DEBUG_INFO = NO;
				MTL_FAST_MATH = YES;
				SDKROOT = iphoneos;
				SWIFT_COMPILATION_MODE = wholemodule;
				SWIFT_OPTIMIZATION_LEVEL = "-O";
				VALIDATE_PRODUCT = YES;
			};
			name = Release;
		};
		AD2E232627E4F90A00538B6E /* Debug */ = {
			isa = XCBuildConfiguration;
			baseConfigurationReference = 002C34EEE235F936B88BAFB9 /* Pods-RentToGo.debug.xcconfig */;
			buildSettings = {
				ASSETCATALOG_COMPILER_APPICON_NAME = AppIcon;
				ASSETCATALOG_COMPILER_GLOBAL_ACCENT_COLOR_NAME = AccentColor;
				CODE_SIGN_STYLE = Automatic;
				CURRENT_PROJECT_VERSION = 1;
				DEVELOPMENT_ASSET_PATHS = "\"RentToGo/Preview Content\"";
				DEVELOPMENT_TEAM = Z4V3T9WA97;
				ENABLE_PREVIEWS = YES;
				GENERATE_INFOPLIST_FILE = YES;
				INFOPLIST_KEY_UIApplicationSceneManifest_Generation = YES;
				INFOPLIST_KEY_UIApplicationSupportsIndirectInputEvents = YES;
				INFOPLIST_KEY_UILaunchScreen_Generation = YES;
				INFOPLIST_KEY_UISupportedInterfaceOrientations_iPad = "UIInterfaceOrientationPortrait UIInterfaceOrientationPortraitUpsideDown UIInterfaceOrientationLandscapeLeft UIInterfaceOrientationLandscapeRight";
				INFOPLIST_KEY_UISupportedInterfaceOrientations_iPhone = "UIInterfaceOrientationPortrait UIInterfaceOrientationLandscapeLeft UIInterfaceOrientationLandscapeRight";
				IPHONEOS_DEPLOYMENT_TARGET = 14.0;
				LD_RUNPATH_SEARCH_PATHS = (
					"$(inherited)",
					"@executable_path/Frameworks",
				);
				MARKETING_VERSION = 1.0;
				PRODUCT_BUNDLE_IDENTIFIER = com.cae.RentToGo;
				PRODUCT_NAME = "$(TARGET_NAME)";
				SWIFT_EMIT_LOC_STRINGS = YES;
				SWIFT_VERSION = 5.0;
				TARGETED_DEVICE_FAMILY = "1,2";
			};
			name = Debug;
		};
		AD2E232727E4F90A00538B6E /* Release */ = {
			isa = XCBuildConfiguration;
			baseConfigurationReference = C7856E9C4BB92A1AE134F497 /* Pods-RentToGo.release.xcconfig */;
			buildSettings = {
				ASSETCATALOG_COMPILER_APPICON_NAME = AppIcon;
				ASSETCATALOG_COMPILER_GLOBAL_ACCENT_COLOR_NAME = AccentColor;
				CODE_SIGN_STYLE = Automatic;
				CURRENT_PROJECT_VERSION = 1;
				DEVELOPMENT_ASSET_PATHS = "\"RentToGo/Preview Content\"";
				DEVELOPMENT_TEAM = Z4V3T9WA97;
				ENABLE_PREVIEWS = YES;
				GENERATE_INFOPLIST_FILE = YES;
				INFOPLIST_KEY_UIApplicationSceneManifest_Generation = YES;
				INFOPLIST_KEY_UIApplicationSupportsIndirectInputEvents = YES;
				INFOPLIST_KEY_UILaunchScreen_Generation = YES;
				INFOPLIST_KEY_UISupportedInterfaceOrientations_iPad = "UIInterfaceOrientationPortrait UIInterfaceOrientationPortraitUpsideDown UIInterfaceOrientationLandscapeLeft UIInterfaceOrientationLandscapeRight";
				INFOPLIST_KEY_UISupportedInterfaceOrientations_iPhone = "UIInterfaceOrientationPortrait UIInterfaceOrientationLandscapeLeft UIInterfaceOrientationLandscapeRight";
				IPHONEOS_DEPLOYMENT_TARGET = 14.0;
				LD_RUNPATH_SEARCH_PATHS = (
					"$(inherited)",
					"@executable_path/Frameworks",
				);
				MARKETING_VERSION = 1.0;
				PRODUCT_BUNDLE_IDENTIFIER = com.cae.RentToGo;
				PRODUCT_NAME = "$(TARGET_NAME)";
				SWIFT_EMIT_LOC_STRINGS = YES;
				SWIFT_VERSION = 5.0;
				TARGETED_DEVICE_FAMILY = "1,2";
			};
			name = Release;
		};
/* End XCBuildConfiguration section */

/* Begin XCConfigurationList section */
		AD2E231227E4F90700538B6E /* Build configuration list for PBXProject "RentToGo" */ = {
			isa = XCConfigurationList;
			buildConfigurations = (
				AD2E232327E4F90A00538B6E /* Debug */,
				AD2E232427E4F90A00538B6E /* Release */,
			);
			defaultConfigurationIsVisible = 0;
			defaultConfigurationName = Release;
		};
		AD2E232527E4F90A00538B6E /* Build configuration list for PBXNativeTarget "RentToGo" */ = {
			isa = XCConfigurationList;
			buildConfigurations = (
				AD2E232627E4F90A00538B6E /* Debug */,
				AD2E232727E4F90A00538B6E /* Release */,
			);
			defaultConfigurationIsVisible = 0;
			defaultConfigurationName = Release;
		};
/* End XCConfigurationList section */
	};
	rootObject = AD2E230F27E4F90700538B6E /* Project object */;
}
